// !$*UTF8*$!
{
	archiveVersion = 1;
	classes = {
	};
	objectVersion = 46;
	objects = {

/* Begin PBXBuildFile section */
		6DE2CD5D1DE5044E009E9732 /* AppDelegate.swift in Sources */ = {isa = PBXBuildFile; fileRef = 6DE2CD5C1DE5044E009E9732 /* AppDelegate.swift */; };
		6DE2CD5F1DE5044E009E9732 /* ViewController.swift in Sources */ = {isa = PBXBuildFile; fileRef = 6DE2CD5E1DE5044E009E9732 /* ViewController.swift */; };
		6DE2CD621DE5044E009E9732 /* Main.storyboard in Resources */ = {isa = PBXBuildFile; fileRef = 6DE2CD601DE5044E009E9732 /* Main.storyboard */; };
		6DE2CD641DE5044E009E9732 /* Assets.xcassets in Resources */ = {isa = PBXBuildFile; fileRef = 6DE2CD631DE5044E009E9732 /* Assets.xcassets */; };
		6DE2CD671DE5044E009E9732 /* LaunchScreen.storyboard in Resources */ = {isa = PBXBuildFile; fileRef = 6DE2CD651DE5044E009E9732 /* LaunchScreen.storyboard */; };
		6DE2CD721DE5044E009E9732 /* falldetectTests.swift in Sources */ = {isa = PBXBuildFile; fileRef = 6DE2CD711DE5044E009E9732 /* falldetectTests.swift */; };
		6DE2CD7D1DE5044E009E9732 /* falldetectUITests.swift in Sources */ = {isa = PBXBuildFile; fileRef = 6DE2CD7C1DE5044E009E9732 /* falldetectUITests.swift */; };
/* End PBXBuildFile section */

/* Begin PBXContainerItemProxy section */
		6DE2CD6E1DE5044E009E9732 /* PBXContainerItemProxy */ = {
			isa = PBXContainerItemProxy;
			containerPortal = 6DE2CD511DE5044E009E9732 /* Project object */;
			proxyType = 1;
			remoteGlobalIDString = 6DE2CD581DE5044E009E9732;
			remoteInfo = falldetect;
		};
		6DE2CD791DE5044E009E9732 /* PBXContainerItemProxy */ = {
			isa = PBXContainerItemProxy;
			containerPortal = 6DE2CD511DE5044E009E9732 /* Project object */;
			proxyType = 1;
			remoteGlobalIDString = 6DE2CD581DE5044E009E9732;
			remoteInfo = falldetect;
		};
/* End PBXContainerItemProxy section */

/* Begin PBXFileReference section */
		6DE2CD591DE5044E009E9732 /* falldetect.app */ = {isa = PBXFileReference; explicitFileType = wrapper.application; includeInIndex = 0; path = falldetect.app; sourceTree = BUILT_PRODUCTS_DIR; };
		6DE2CD5C1DE5044E009E9732 /* AppDelegate.swift */ = {isa = PBXFileReference; lastKnownFileType = sourcecode.swift; path = AppDelegate.swift; sourceTree = "<group>"; };
		6DE2CD5E1DE5044E009E9732 /* ViewController.swift */ = {isa = PBXFileReference; lastKnownFileType = sourcecode.swift; path = ViewController.swift; sourceTree = "<group>"; };
		6DE2CD611DE5044E009E9732 /* Base */ = {isa = PBXFileReference; lastKnownFileType = file.storyboard; name = Base; path = Base.lproj/Main.storyboard; sourceTree = "<group>"; };
		6DE2CD631DE5044E009E9732 /* Assets.xcassets */ = {isa = PBXFileReference; lastKnownFileType = folder.assetcatalog; path = Assets.xcassets; sourceTree = "<group>"; };
		6DE2CD661DE5044E009E9732 /* Base */ = {isa = PBXFileReference; lastKnownFileType = file.storyboard; name = Base; path = Base.lproj/LaunchScreen.storyboard; sourceTree = "<group>"; };
		6DE2CD681DE5044E009E9732 /* Info.plist */ = {isa = PBXFileReference; lastKnownFileType = text.plist.xml; path = Info.plist; sourceTree = "<group>"; };
		6DE2CD6D1DE5044E009E9732 /* falldetectTests.xctest */ = {isa = PBXFileReference; explicitFileType = wrapper.cfbundle; includeInIndex = 0; path = falldetectTests.xctest; sourceTree = BUILT_PRODUCTS_DIR; };
		6DE2CD711DE5044E009E9732 /* falldetectTests.swift */ = {isa = PBXFileReference; lastKnownFileType = sourcecode.swift; path = falldetectTests.swift; sourceTree = "<group>"; };
		6DE2CD731DE5044E009E9732 /* Info.plist */ = {isa = PBXFileReference; lastKnownFileType = text.plist.xml; path = Info.plist; sourceTree = "<group>"; };
		6DE2CD781DE5044E009E9732 /* falldetectUITests.xctest */ = {isa = PBXFileReference; explicitFileType = wrapper.cfbundle; includeInIndex = 0; path = falldetectUITests.xctest; sourceTree = BUILT_PRODUCTS_DIR; };
		6DE2CD7C1DE5044E009E9732 /* falldetectUITests.swift */ = {isa = PBXFileReference; lastKnownFileType = sourcecode.swift; path = falldetectUITests.swift; sourceTree = "<group>"; };
		6DE2CD7E1DE5044E009E9732 /* Info.plist */ = {isa = PBXFileReference; lastKnownFileType = text.plist.xml; path = Info.plist; sourceTree = "<group>"; };
/* End PBXFileReference section */

/* Begin PBXFrameworksBuildPhase section */
		6DE2CD561DE5044E009E9732 /* Frameworks */ = {
			isa = PBXFrameworksBuildPhase;
			buildActionMask = 2147483647;
			files = (
			);
			runOnlyForDeploymentPostprocessing = 0;
		};
		6DE2CD6A1DE5044E009E9732 /* Frameworks */ = {
			isa = PBXFrameworksBuildPhase;
			buildActionMask = 2147483647;
			files = (
			);
			runOnlyForDeploymentPostprocessing = 0;
		};
		6DE2CD751DE5044E009E9732 /* Frameworks */ = {
			isa = PBXFrameworksBuildPhase;
			buildActionMask = 2147483647;
			files = (
			);
			runOnlyForDeploymentPostprocessing = 0;
		};
/* End PBXFrameworksBuildPhase section */

/* Begin PBXGroup section */
		6DE2CD501DE5044E009E9732 = {
			isa = PBXGroup;
			children = (
				6DE2CD5B1DE5044E009E9732 /* falldetect */,
				6DE2CD701DE5044E009E9732 /* falldetectTests */,
				6DE2CD7B1DE5044E009E9732 /* falldetectUITests */,
				6DE2CD5A1DE5044E009E9732 /* Products */,
			);
			sourceTree = "<group>";
		};
		6DE2CD5A1DE5044E009E9732 /* Products */ = {
			isa = PBXGroup;
			children = (
				6DE2CD591DE5044E009E9732 /* falldetect.app */,
				6DE2CD6D1DE5044E009E9732 /* falldetectTests.xctest */,
				6DE2CD781DE5044E009E9732 /* falldetectUITests.xctest */,
			);
			name = Products;
			sourceTree = "<group>";
		};
		6DE2CD5B1DE5044E009E9732 /* falldetect */ = {
			isa = PBXGroup;
			children = (
				6DE2CD5C1DE5044E009E9732 /* AppDelegate.swift */,
				6DE2CD5E1DE5044E009E9732 /* ViewController.swift */,
				6DE2CD601DE5044E009E9732 /* Main.storyboard */,
				6DE2CD631DE5044E009E9732 /* Assets.xcassets */,
				6DE2CD651DE5044E009E9732 /* LaunchScreen.storyboard */,
				6DE2CD681DE5044E009E9732 /* Info.plist */,
			);
			path = falldetect;
			sourceTree = "<group>";
		};
		6DE2CD701DE5044E009E9732 /* falldetectTests */ = {
			isa = PBXGroup;
			children = (
				6DE2CD711DE5044E009E9732 /* falldetectTests.swift */,
				6DE2CD731DE5044E009E9732 /* Info.plist */,
			);
			path = falldetectTests;
			sourceTree = "<group>";
		};
		6DE2CD7B1DE5044E009E9732 /* falldetectUITests */ = {
			isa = PBXGroup;
			children = (
				6DE2CD7C1DE5044E009E9732 /* falldetectUITests.swift */,
				6DE2CD7E1DE5044E009E9732 /* Info.plist */,
			);
			path = falldetectUITests;
			sourceTree = "<group>";
		};
/* End PBXGroup section */

/* Begin PBXNativeTarget section */
		6DE2CD581DE5044E009E9732 /* falldetect */ = {
			isa = PBXNativeTarget;
			buildConfigurationList = 6DE2CD811DE5044E009E9732 /* Build configuration list for PBXNativeTarget "falldetect" */;
			buildPhases = (
				6DE2CD551DE5044E009E9732 /* Sources */,
				6DE2CD561DE5044E009E9732 /* Frameworks */,
				6DE2CD571DE5044E009E9732 /* Resources */,
			);
			buildRules = (
			);
			dependencies = (
			);
			name = falldetect;
			productName = falldetect;
			productReference = 6DE2CD591DE5044E009E9732 /* falldetect.app */;
			productType = "com.apple.product-type.application";
		};
		6DE2CD6C1DE5044E009E9732 /* falldetectTests */ = {
			isa = PBXNativeTarget;
			buildConfigurationList = 6DE2CD841DE5044E009E9732 /* Build configuration list for PBXNativeTarget "falldetectTests" */;
			buildPhases = (
				6DE2CD691DE5044E009E9732 /* Sources */,
				6DE2CD6A1DE5044E009E9732 /* Frameworks */,
				6DE2CD6B1DE5044E009E9732 /* Resources */,
			);
			buildRules = (
			);
			dependencies = (
				6DE2CD6F1DE5044E009E9732 /* PBXTargetDependency */,
			);
			name = falldetectTests;
			productName = falldetectTests;
			productReference = 6DE2CD6D1DE5044E009E9732 /* falldetectTests.xctest */;
			productType = "com.apple.product-type.bundle.unit-test";
		};
		6DE2CD771DE5044E009E9732 /* falldetectUITests */ = {
			isa = PBXNativeTarget;
			buildConfigurationList = 6DE2CD871DE5044E009E9732 /* Build configuration list for PBXNativeTarget "falldetectUITests" */;
			buildPhases = (
				6DE2CD741DE5044E009E9732 /* Sources */,
				6DE2CD751DE5044E009E9732 /* Frameworks */,
				6DE2CD761DE5044E009E9732 /* Resources */,
			);
			buildRules = (
			);
			dependencies = (
				6DE2CD7A1DE5044E009E9732 /* PBXTargetDependency */,
			);
			name = falldetectUITests;
			productName = falldetectUITests;
			productReference = 6DE2CD781DE5044E009E9732 /* falldetectUITests.xctest */;
			productType = "com.apple.product-type.bundle.ui-testing";
		};
/* End PBXNativeTarget section */

/* Begin PBXProject section */
		6DE2CD511DE5044E009E9732 /* Project object */ = {
			isa = PBXProject;
			attributes = {
				LastSwiftUpdateCheck = 0720;
				LastUpgradeCheck = 0720;
				ORGANIZATIONNAME = cmpe297;
				TargetAttributes = {
					6DE2CD581DE5044E009E9732 = {
						CreatedOnToolsVersion = 7.2.1;
						DevelopmentTeam = 6Z65K99J89;
						LastSwiftMigration = 0810;
					};
					6DE2CD6C1DE5044E009E9732 = {
						CreatedOnToolsVersion = 7.2.1;
						LastSwiftMigration = 0810;
						TestTargetID = 6DE2CD581DE5044E009E9732;
					};
					6DE2CD771DE5044E009E9732 = {
						CreatedOnToolsVersion = 7.2.1;
						LastSwiftMigration = 0810;
						TestTargetID = 6DE2CD581DE5044E009E9732;
					};
				};
			};
			buildConfigurationList = 6DE2CD541DE5044E009E9732 /* Build configuration list for PBXProject "falldetect" */;
			compatibilityVersion = "Xcode 3.2";
			developmentRegion = English;
			hasScannedForEncodings = 0;
			knownRegions = (
				en,
				Base,
			);
			mainGroup = 6DE2CD501DE5044E009E9732;
			productRefGroup = 6DE2CD5A1DE5044E009E9732 /* Products */;
			projectDirPath = "";
			projectRoot = "";
			targets = (
				6DE2CD581DE5044E009E9732 /* falldetect */,
				6DE2CD6C1DE5044E009E9732 /* falldetectTests */,
				6DE2CD771DE5044E009E9732 /* falldetectUITests */,
			);
		};
/* End PBXProject section */

/* Begin PBXResourcesBuildPhase section */
		6DE2CD571DE5044E009E9732 /* Resources */ = {
			isa = PBXResourcesBuildPhase;
			buildActionMask = 2147483647;
			files = (
				6DE2CD671DE5044E009E9732 /* LaunchScreen.storyboard in Resources */,
				6DE2CD641DE5044E009E9732 /* Assets.xcassets in Resources */,
				6DE2CD621DE5044E009E9732 /* Main.storyboard in Resources */,
			);
			runOnlyForDeploymentPostprocessing = 0;
		};
		6DE2CD6B1DE5044E009E9732 /* Resources */ = {
			isa = PBXResourcesBuildPhase;
			buildActionMask = 2147483647;
			files = (
			);
			runOnlyForDeploymentPostprocessing = 0;
		};
		6DE2CD761DE5044E009E9732 /* Resources */ = {
			isa = PBXResourcesBuildPhase;
			buildActionMask = 2147483647;
			files = (
			);
			runOnlyForDeploymentPostprocessing = 0;
		};
/* End PBXResourcesBuildPhase section */

/* Begin PBXSourcesBuildPhase section */
		6DE2CD551DE5044E009E9732 /* Sources */ = {
			isa = PBXSourcesBuildPhase;
			buildActionMask = 2147483647;
			files = (
				6DE2CD5F1DE5044E009E9732 /* ViewController.swift in Sources */,
				6DE2CD5D1DE5044E009E9732 /* AppDelegate.swift in Sources */,
			);
			runOnlyForDeploymentPostprocessing = 0;
		};
		6DE2CD691DE5044E009E9732 /* Sources */ = {
			isa = PBXSourcesBuildPhase;
			buildActionMask = 2147483647;
			files = (
				6DE2CD721DE5044E009E9732 /* falldetectTests.swift in Sources */,
			);
			runOnlyForDeploymentPostprocessing = 0;
		};
		6DE2CD741DE5044E009E9732 /* Sources */ = {
			isa = PBXSourcesBuildPhase;
			buildActionMask = 2147483647;
			files = (
				6DE2CD7D1DE5044E009E9732 /* falldetectUITests.swift in Sources */,
			);
			runOnlyForDeploymentPostprocessing = 0;
		};
/* End PBXSourcesBuildPhase section */

/* Begin PBXTargetDependency section */
		6DE2CD6F1DE5044E009E9732 /* PBXTargetDependency */ = {
			isa = PBXTargetDependency;
			target = 6DE2CD581DE5044E009E9732 /* falldetect */;
			targetProxy = 6DE2CD6E1DE5044E009E9732 /* PBXContainerItemProxy */;
		};
		6DE2CD7A1DE5044E009E9732 /* PBXTargetDependency */ = {
			isa = PBXTargetDependency;
			target = 6DE2CD581DE5044E009E9732 /* falldetect */;
			targetProxy = 6DE2CD791DE5044E009E9732 /* PBXContainerItemProxy */;
		};
/* End PBXTargetDependency section */

/* Begin PBXVariantGroup section */
		6DE2CD601DE5044E009E9732 /* Main.storyboard */ = {
			isa = PBXVariantGroup;
			children = (
				6DE2CD611DE5044E009E9732 /* Base */,
			);
			name = Main.storyboard;
			sourceTree = "<group>";
		};
		6DE2CD651DE5044E009E9732 /* LaunchScreen.storyboard */ = {
			isa = PBXVariantGroup;
			children = (
				6DE2CD661DE5044E009E9732 /* Base */,
			);
			name = LaunchScreen.storyboard;
			sourceTree = "<group>";
		};
/* End PBXVariantGroup section */

/* Begin XCBuildConfiguration section */
		6DE2CD7F1DE5044E009E9732 /* Debug */ = {
			isa = XCBuildConfiguration;
			buildSettings = {
				ALWAYS_SEARCH_USER_PATHS = NO;
				CLANG_CXX_LANGUAGE_STANDARD = "gnu++0x";
				CLANG_CXX_LIBRARY = "libc++";
				CLANG_ENABLE_MODULES = YES;
				CLANG_ENABLE_OBJC_ARC = YES;
				CLANG_WARN_BOOL_CONVERSION = YES;
				CLANG_WARN_CONSTANT_CONVERSION = YES;
				CLANG_WARN_DIRECT_OBJC_ISA_USAGE = YES_ERROR;
				CLANG_WARN_EMPTY_BODY = YES;
				CLANG_WARN_ENUM_CONVERSION = YES;
				CLANG_WARN_INT_CONVERSION = YES;
				CLANG_WARN_OBJC_ROOT_CLASS = YES_ERROR;
				CLANG_WARN_UNREACHABLE_CODE = YES;
				CLANG_WARN__DUPLICATE_METHOD_MATCH = YES;
				"CODE_SIGN_IDENTITY[sdk=iphoneos*]" = "iPhone Developer";
				COPY_PHASE_STRIP = NO;
				DEBUG_INFORMATION_FORMAT = dwarf;
				ENABLE_STRICT_OBJC_MSGSEND = YES;
				ENABLE_TESTABILITY = YES;
				GCC_C_LANGUAGE_STANDARD = gnu99;
				GCC_DYNAMIC_NO_PIC = NO;
				GCC_NO_COMMON_BLOCKS = YES;
				GCC_OPTIMIZATION_LEVEL = 0;
				GCC_PREPROCESSOR_DEFINITIONS = (
					"DEBUG=1",
					"$(inherited)",
				);
				GCC_WARN_64_TO_32_BIT_CONVERSION = YES;
				GCC_WARN_ABOUT_RETURN_TYPE = YES_ERROR;
				GCC_WARN_UNDECLARED_SELECTOR = YES;
				GCC_WARN_UNINITIALIZED_AUTOS = YES_AGGRESSIVE;
				GCC_WARN_UNUSED_FUNCTION = YES;
				GCC_WARN_UNUSED_VARIABLE = YES;
				IPHONEOS_DEPLOYMENT_TARGET = 9.2;
				MTL_ENABLE_DEBUG_INFO = YES;
				ONLY_ACTIVE_ARCH = YES;
				SDKROOT = iphoneos;
				SWIFT_OPTIMIZATION_LEVEL = "-Onone";
			};
			name = Debug;
		};
		6DE2CD801DE5044E009E9732 /* Release */ = {
			isa = XCBuildConfiguration;
			buildSettings = {
				ALWAYS_SEARCH_USER_PATHS = NO;
				CLANG_CXX_LANGUAGE_STANDARD = "gnu++0x";
				CLANG_CXX_LIBRARY = "libc++";
				CLANG_ENABLE_MODULES = YES;
				CLANG_ENABLE_OBJC_ARC = YES;
				CLANG_WARN_BOOL_CONVERSION = YES;
				CLANG_WARN_CONSTANT_CONVERSION = YES;
				CLANG_WARN_DIRECT_OBJC_ISA_USAGE = YES_ERROR;
				CLANG_WARN_EMPTY_BODY = YES;
				CLANG_WARN_ENUM_CONVERSION = YES;
				CLANG_WARN_INT_CONVERSION = YES;
				CLANG_WARN_OBJC_ROOT_CLASS = YES_ERROR;
				CLANG_WARN_UNREACHABLE_CODE = YES;
				CLANG_WARN__DUPLICATE_METHOD_MATCH = YES;
				"CODE_SIGN_IDENTITY[sdk=iphoneos*]" = "iPhone Developer";
				COPY_PHASE_STRIP = NO;
				DEBUG_INFORMATION_FORMAT = "dwarf-with-dsym";
				ENABLE_NS_ASSERTIONS = NO;
				ENABLE_STRICT_OBJC_MSGSEND = YES;
				GCC_C_LANGUAGE_STANDARD = gnu99;
				GCC_NO_COMMON_BLOCKS = YES;
				GCC_WARN_64_TO_32_BIT_CONVERSION = YES;
				GCC_WARN_ABOUT_RETURN_TYPE = YES_ERROR;
				GCC_WARN_UNDECLARED_SELECTOR = YES;
				GCC_WARN_UNINITIALIZED_AUTOS = YES_AGGRESSIVE;
				GCC_WARN_UNUSED_FUNCTION = YES;
				GCC_WARN_UNUSED_VARIABLE = YES;
				IPHONEOS_DEPLOYMENT_TARGET = 9.2;
				MTL_ENABLE_DEBUG_INFO = NO;
				SDKROOT = iphoneos;
				VALIDATE_PRODUCT = YES;
			};
			name = Release;
		};
		6DE2CD821DE5044E009E9732 /* Debug */ = {
			isa = XCBuildConfiguration;
			buildSettings = {
				ASSETCATALOG_COMPILER_APPICON_NAME = AppIcon;
				DEVELOPMENT_TEAM = 6Z65K99J89;
				INFOPLIST_FILE = falldetect/Info.plist;
				LD_RUNPATH_SEARCH_PATHS = "$(inherited) @executable_path/Frameworks";
				PRODUCT_BUNDLE_IDENTIFIER = com.cmpe297.falldetect;
				PRODUCT_NAME = "$(TARGET_NAME)";
				SWIFT_VERSION = 3.0;
			};
			name = Debug;
		};
		6DE2CD831DE5044E009E9732 /* Release */ = {
			isa = XCBuildConfiguration;
			buildSettings = {
				ASSETCATALOG_COMPILER_APPICON_NAME = AppIcon;
				DEVELOPMENT_TEAM = 6Z65K99J89;
				INFOPLIST_FILE = falldetect/Info.plist;
				LD_RUNPATH_SEARCH_PATHS = "$(inherited) @executable_path/Frameworks";
				PRODUCT_BUNDLE_IDENTIFIER = com.cmpe297.falldetect;
				PRODUCT_NAME = "$(TARGET_NAME)";
				SWIFT_VERSION = 3.0;
			};
			name = Release;
		};
		6DE2CD851DE5044E009E9732 /* Debug */ = {
			isa = XCBuildConfiguration;
			buildSettings = {
				BUNDLE_LOADER = "$(TEST_HOST)";
				INFOPLIST_FILE = falldetectTests/Info.plist;
				LD_RUNPATH_SEARCH_PATHS = "$(inherited) @executable_path/Frameworks @loader_path/Frameworks";
				PRODUCT_BUNDLE_IDENTIFIER = com.cmpe297.falldetectTests;
				PRODUCT_NAME = "$(TARGET_NAME)";
				SWIFT_VERSION = 3.0;
				TEST_HOST = "$(BUILT_PRODUCTS_DIR)/falldetect.app/falldetect";
			};
			name = Debug;
		};
		6DE2CD861DE5044E009E9732 /* Release */ = {
			isa = XCBuildConfiguration;
			buildSettings = {
				BUNDLE_LOADER = "$(TEST_HOST)";
				INFOPLIST_FILE = falldetectTests/Info.plist;
				LD_RUNPATH_SEARCH_PATHS = "$(inherited) @executable_path/Frameworks @loader_path/Frameworks";
				PRODUCT_BUNDLE_IDENTIFIER = com.cmpe297.falldetectTests;
				PRODUCT_NAME = "$(TARGET_NAME)";
				SWIFT_VERSION = 3.0;
				TEST_HOST = "$(BUILT_PRODUCTS_DIR)/falldetect.app/falldetect";
			};
			name = Release;
		};
		6DE2CD881DE5044E009E9732 /* Debug */ = {
			isa = XCBuildConfiguration;
			buildSettings = {
				INFOPLIST_FILE = falldetectUITests/Info.plist;
				LD_RUNPATH_SEARCH_PATHS = "$(inherited) @executable_path/Frameworks @loader_path/Frameworks";
				PRODUCT_BUNDLE_IDENTIFIER = com.cmpe297.falldetectUITests;
				PRODUCT_NAME = "$(TARGET_NAME)";
				SWIFT_VERSION = 3.0;
				TEST_TARGET_NAME = falldetect;
				USES_XCTRUNNER = YES;
			};
			name = Debug;
		};
		6DE2CD891DE5044E009E9732 /* Release */ = {
			isa = XCBuildConfiguration;
			buildSettings = {
				INFOPLIST_FILE = falldetectUITests/Info.plist;
				LD_RUNPATH_SEARCH_PATHS = "$(inherited) @executable_path/Frameworks @loader_path/Frameworks";
				PRODUCT_BUNDLE_IDENTIFIER = com.cmpe297.falldetectUITests;
				PRODUCT_NAME = "$(TARGET_NAME)";
				SWIFT_VERSION = 3.0;
				TEST_TARGET_NAME = falldetect;
				USES_XCTRUNNER = YES;
			};
			name = Release;
		};
/* End XCBuildConfiguration section */

/* Begin XCConfigurationList section */
		6DE2CD541DE5044E009E9732 /* Build configuration list for PBXProject "falldetect" */ = {
			isa = XCConfigurationList;
			buildConfigurations = (
				6DE2CD7F1DE5044E009E9732 /* Debug */,
				6DE2CD801DE5044E009E9732 /* Release */,
			);
			defaultConfigurationIsVisible = 0;
			defaultConfigurationName = Release;
		};
		6DE2CD811DE5044E009E9732 /* Build configuration list for PBXNativeTarget "falldetect" */ = {
			isa = XCConfigurationList;
			buildConfigurations = (
				6DE2CD821DE5044E009E9732 /* Debug */,
				6DE2CD831DE5044E009E9732 /* Release */,
			);
			defaultConfigurationIsVisible = 0;
			defaultConfigurationName = Release;
		};
		6DE2CD841DE5044E009E9732 /* Build configuration list for PBXNativeTarget "falldetectTests" */ = {
			isa = XCConfigurationList;
			buildConfigurations = (
				6DE2CD851DE5044E009E9732 /* Debug */,
				6DE2CD861DE5044E009E9732 /* Release */,
			);
			defaultConfigurationIsVisible = 0;
			defaultConfigurationName = Release;
		};
		6DE2CD871DE5044E009E9732 /* Build configuration list for PBXNativeTarget "falldetectUITests" */ = {
			isa = XCConfigurationList;
			buildConfigurations = (
				6DE2CD881DE5044E009E9732 /* Debug */,
				6DE2CD891DE5044E009E9732 /* Release */,
			);
			defaultConfigurationIsVisible = 0;
			defaultConfigurationName = Release;
		};
/* End XCConfigurationList section */
	};
	rootObject = 6DE2CD511DE5044E009E9732 /* Project object */;
}
