// !$*UTF8*$!
{
	archiveVersion = 1;
	classes = {
	};
	objectVersion = 46;
	objects = {

/* Begin PBXBuildFile section */
		6D6B3B731DD856AB00532863 /* AppDelegate.swift in Sources */ = {isa = PBXBuildFile; fileRef = 6D6B3B721DD856AB00532863 /* AppDelegate.swift */; };
		6D6B3B751DD856AB00532863 /* ViewController.swift in Sources */ = {isa = PBXBuildFile; fileRef = 6D6B3B741DD856AB00532863 /* ViewController.swift */; };
		6D6B3B781DD856AB00532863 /* Main.storyboard in Resources */ = {isa = PBXBuildFile; fileRef = 6D6B3B761DD856AB00532863 /* Main.storyboard */; };
		6D6B3B7A1DD856AB00532863 /* Assets.xcassets in Resources */ = {isa = PBXBuildFile; fileRef = 6D6B3B791DD856AB00532863 /* Assets.xcassets */; };
		6D6B3B7D1DD856AB00532863 /* LaunchScreen.storyboard in Resources */ = {isa = PBXBuildFile; fileRef = 6D6B3B7B1DD856AB00532863 /* LaunchScreen.storyboard */; };
		6D6B3B881DD856AC00532863 /* assignment3Tests.swift in Sources */ = {isa = PBXBuildFile; fileRef = 6D6B3B871DD856AC00532863 /* assignment3Tests.swift */; };
		6D6B3B931DD856AC00532863 /* assignment3UITests.swift in Sources */ = {isa = PBXBuildFile; fileRef = 6D6B3B921DD856AC00532863 /* assignment3UITests.swift */; };
/* End PBXBuildFile section */

/* Begin PBXContainerItemProxy section */
		6D6B3B841DD856AC00532863 /* PBXContainerItemProxy */ = {
			isa = PBXContainerItemProxy;
			containerPortal = 6D6B3B671DD856AB00532863 /* Project object */;
			proxyType = 1;
			remoteGlobalIDString = 6D6B3B6E1DD856AB00532863;
			remoteInfo = assignment3;
		};
		6D6B3B8F1DD856AC00532863 /* PBXContainerItemProxy */ = {
			isa = PBXContainerItemProxy;
			containerPortal = 6D6B3B671DD856AB00532863 /* Project object */;
			proxyType = 1;
			remoteGlobalIDString = 6D6B3B6E1DD856AB00532863;
			remoteInfo = assignment3;
		};
/* End PBXContainerItemProxy section */

/* Begin PBXFileReference section */
		6D6B3B6F1DD856AB00532863 /* assignment3.app */ = {isa = PBXFileReference; explicitFileType = wrapper.application; includeInIndex = 0; path = assignment3.app; sourceTree = BUILT_PRODUCTS_DIR; };
		6D6B3B721DD856AB00532863 /* AppDelegate.swift */ = {isa = PBXFileReference; lastKnownFileType = sourcecode.swift; path = AppDelegate.swift; sourceTree = "<group>"; };
		6D6B3B741DD856AB00532863 /* ViewController.swift */ = {isa = PBXFileReference; lastKnownFileType = sourcecode.swift; path = ViewController.swift; sourceTree = "<group>"; };
		6D6B3B771DD856AB00532863 /* Base */ = {isa = PBXFileReference; lastKnownFileType = file.storyboard; name = Base; path = Base.lproj/Main.storyboard; sourceTree = "<group>"; };
		6D6B3B791DD856AB00532863 /* Assets.xcassets */ = {isa = PBXFileReference; lastKnownFileType = folder.assetcatalog; path = Assets.xcassets; sourceTree = "<group>"; };
		6D6B3B7C1DD856AB00532863 /* Base */ = {isa = PBXFileReference; lastKnownFileType = file.storyboard; name = Base; path = Base.lproj/LaunchScreen.storyboard; sourceTree = "<group>"; };
		6D6B3B7E1DD856AB00532863 /* Info.plist */ = {isa = PBXFileReference; lastKnownFileType = text.plist.xml; path = Info.plist; sourceTree = "<group>"; };
		6D6B3B831DD856AC00532863 /* assignment3Tests.xctest */ = {isa = PBXFileReference; explicitFileType = wrapper.cfbundle; includeInIndex = 0; path = assignment3Tests.xctest; sourceTree = BUILT_PRODUCTS_DIR; };
		6D6B3B871DD856AC00532863 /* assignment3Tests.swift */ = {isa = PBXFileReference; lastKnownFileType = sourcecode.swift; path = assignment3Tests.swift; sourceTree = "<group>"; };
		6D6B3B891DD856AC00532863 /* Info.plist */ = {isa = PBXFileReference; lastKnownFileType = text.plist.xml; path = Info.plist; sourceTree = "<group>"; };
		6D6B3B8E1DD856AC00532863 /* assignment3UITests.xctest */ = {isa = PBXFileReference; explicitFileType = wrapper.cfbundle; includeInIndex = 0; path = assignment3UITests.xctest; sourceTree = BUILT_PRODUCTS_DIR; };
		6D6B3B921DD856AC00532863 /* assignment3UITests.swift */ = {isa = PBXFileReference; lastKnownFileType = sourcecode.swift; path = assignment3UITests.swift; sourceTree = "<group>"; };
		6D6B3B941DD856AC00532863 /* Info.plist */ = {isa = PBXFileReference; lastKnownFileType = text.plist.xml; path = Info.plist; sourceTree = "<group>"; };
/* End PBXFileReference section */

/* Begin PBXFrameworksBuildPhase section */
		6D6B3B6C1DD856AB00532863 /* Frameworks */ = {
			isa = PBXFrameworksBuildPhase;
			buildActionMask = 2147483647;
			files = (
			);
			runOnlyForDeploymentPostprocessing = 0;
		};
		6D6B3B801DD856AC00532863 /* Frameworks */ = {
			isa = PBXFrameworksBuildPhase;
			buildActionMask = 2147483647;
			files = (
			);
			runOnlyForDeploymentPostprocessing = 0;
		};
		6D6B3B8B1DD856AC00532863 /* Frameworks */ = {
			isa = PBXFrameworksBuildPhase;
			buildActionMask = 2147483647;
			files = (
			);
			runOnlyForDeploymentPostprocessing = 0;
		};
/* End PBXFrameworksBuildPhase section */

/* Begin PBXGroup section */
		6D6B3B661DD856AB00532863 = {
			isa = PBXGroup;
			children = (
				6D6B3B711DD856AB00532863 /* assignment3 */,
				6D6B3B861DD856AC00532863 /* assignment3Tests */,
				6D6B3B911DD856AC00532863 /* assignment3UITests */,
				6D6B3B701DD856AB00532863 /* Products */,
			);
			sourceTree = "<group>";
		};
		6D6B3B701DD856AB00532863 /* Products */ = {
			isa = PBXGroup;
			children = (
				6D6B3B6F1DD856AB00532863 /* assignment3.app */,
				6D6B3B831DD856AC00532863 /* assignment3Tests.xctest */,
				6D6B3B8E1DD856AC00532863 /* assignment3UITests.xctest */,
			);
			name = Products;
			sourceTree = "<group>";
		};
		6D6B3B711DD856AB00532863 /* assignment3 */ = {
			isa = PBXGroup;
			children = (
				6D6B3B721DD856AB00532863 /* AppDelegate.swift */,
				6D6B3B741DD856AB00532863 /* ViewController.swift */,
				6D6B3B761DD856AB00532863 /* Main.storyboard */,
				6D6B3B791DD856AB00532863 /* Assets.xcassets */,
				6D6B3B7B1DD856AB00532863 /* LaunchScreen.storyboard */,
				6D6B3B7E1DD856AB00532863 /* Info.plist */,
			);
			path = assignment3;
			sourceTree = "<group>";
		};
		6D6B3B861DD856AC00532863 /* assignment3Tests */ = {
			isa = PBXGroup;
			children = (
				6D6B3B871DD856AC00532863 /* assignment3Tests.swift */,
				6D6B3B891DD856AC00532863 /* Info.plist */,
			);
			path = assignment3Tests;
			sourceTree = "<group>";
		};
		6D6B3B911DD856AC00532863 /* assignment3UITests */ = {
			isa = PBXGroup;
			children = (
				6D6B3B921DD856AC00532863 /* assignment3UITests.swift */,
				6D6B3B941DD856AC00532863 /* Info.plist */,
			);
			path = assignment3UITests;
			sourceTree = "<group>";
		};
/* End PBXGroup section */

/* Begin PBXNativeTarget section */
		6D6B3B6E1DD856AB00532863 /* assignment3 */ = {
			isa = PBXNativeTarget;
			buildConfigurationList = 6D6B3B971DD856AC00532863 /* Build configuration list for PBXNativeTarget "assignment3" */;
			buildPhases = (
				6D6B3B6B1DD856AB00532863 /* Sources */,
				6D6B3B6C1DD856AB00532863 /* Frameworks */,
				6D6B3B6D1DD856AB00532863 /* Resources */,
			);
			buildRules = (
			);
			dependencies = (
			);
			name = assignment3;
			productName = assignment3;
			productReference = 6D6B3B6F1DD856AB00532863 /* assignment3.app */;
			productType = "com.apple.product-type.application";
		};
		6D6B3B821DD856AC00532863 /* assignment3Tests */ = {
			isa = PBXNativeTarget;
			buildConfigurationList = 6D6B3B9A1DD856AC00532863 /* Build configuration list for PBXNativeTarget "assignment3Tests" */;
			buildPhases = (
				6D6B3B7F1DD856AC00532863 /* Sources */,
				6D6B3B801DD856AC00532863 /* Frameworks */,
				6D6B3B811DD856AC00532863 /* Resources */,
			);
			buildRules = (
			);
			dependencies = (
				6D6B3B851DD856AC00532863 /* PBXTargetDependency */,
			);
			name = assignment3Tests;
			productName = assignment3Tests;
			productReference = 6D6B3B831DD856AC00532863 /* assignment3Tests.xctest */;
			productType = "com.apple.product-type.bundle.unit-test";
		};
		6D6B3B8D1DD856AC00532863 /* assignment3UITests */ = {
			isa = PBXNativeTarget;
			buildConfigurationList = 6D6B3B9D1DD856AC00532863 /* Build configuration list for PBXNativeTarget "assignment3UITests" */;
			buildPhases = (
				6D6B3B8A1DD856AC00532863 /* Sources */,
				6D6B3B8B1DD856AC00532863 /* Frameworks */,
				6D6B3B8C1DD856AC00532863 /* Resources */,
			);
			buildRules = (
			);
			dependencies = (
				6D6B3B901DD856AC00532863 /* PBXTargetDependency */,
			);
			name = assignment3UITests;
			productName = assignment3UITests;
			productReference = 6D6B3B8E1DD856AC00532863 /* assignment3UITests.xctest */;
			productType = "com.apple.product-type.bundle.ui-testing";
		};
/* End PBXNativeTarget section */

/* Begin PBXProject section */
		6D6B3B671DD856AB00532863 /* Project object */ = {
			isa = PBXProject;
			attributes = {
				LastSwiftUpdateCheck = 0720;
				LastUpgradeCheck = 0720;
				ORGANIZATIONNAME = cmpe297;
				TargetAttributes = {
					6D6B3B6E1DD856AB00532863 = {
						CreatedOnToolsVersion = 7.2.1;
						DevelopmentTeam = 6Z65K99J89;
						LastSwiftMigration = 0810;
					};
					6D6B3B821DD856AC00532863 = {
						CreatedOnToolsVersion = 7.2.1;
						DevelopmentTeam = 8PUZK37M75;
						LastSwiftMigration = 0810;
						TestTargetID = 6D6B3B6E1DD856AB00532863;
					};
					6D6B3B8D1DD856AC00532863 = {
						CreatedOnToolsVersion = 7.2.1;
						DevelopmentTeam = 8PUZK37M75;
						LastSwiftMigration = 0810;
						TestTargetID = 6D6B3B6E1DD856AB00532863;
					};
				};
			};
			buildConfigurationList = 6D6B3B6A1DD856AB00532863 /* Build configuration list for PBXProject "assignment3" */;
			compatibilityVersion = "Xcode 3.2";
			developmentRegion = English;
			hasScannedForEncodings = 0;
			knownRegions = (
				en,
				Base,
			);
			mainGroup = 6D6B3B661DD856AB00532863;
			productRefGroup = 6D6B3B701DD856AB00532863 /* Products */;
			projectDirPath = "";
			projectRoot = "";
			targets = (
				6D6B3B6E1DD856AB00532863 /* assignment3 */,
				6D6B3B821DD856AC00532863 /* assignment3Tests */,
				6D6B3B8D1DD856AC00532863 /* assignment3UITests */,
			);
		};
/* End PBXProject section */

/* Begin PBXResourcesBuildPhase section */
		6D6B3B6D1DD856AB00532863 /* Resources */ = {
			isa = PBXResourcesBuildPhase;
			buildActionMask = 2147483647;
			files = (
				6D6B3B7D1DD856AB00532863 /* LaunchScreen.storyboard in Resources */,
				6D6B3B7A1DD856AB00532863 /* Assets.xcassets in Resources */,
				6D6B3B781DD856AB00532863 /* Main.storyboard in Resources */,
			);
			runOnlyForDeploymentPostprocessing = 0;
		};
		6D6B3B811DD856AC00532863 /* Resources */ = {
			isa = PBXResourcesBuildPhase;
			buildActionMask = 2147483647;
			files = (
			);
			runOnlyForDeploymentPostprocessing = 0;
		};
		6D6B3B8C1DD856AC00532863 /* Resources */ = {
			isa = PBXResourcesBuildPhase;
			buildActionMask = 2147483647;
			files = (
			);
			runOnlyForDeploymentPostprocessing = 0;
		};
/* End PBXResourcesBuildPhase section */

/* Begin PBXSourcesBuildPhase section */
		6D6B3B6B1DD856AB00532863 /* Sources */ = {
			isa = PBXSourcesBuildPhase;
			buildActionMask = 2147483647;
			files = (
				6D6B3B751DD856AB00532863 /* ViewController.swift in Sources */,
				6D6B3B731DD856AB00532863 /* AppDelegate.swift in Sources */,
			);
			runOnlyForDeploymentPostprocessing = 0;
		};
		6D6B3B7F1DD856AC00532863 /* Sources */ = {
			isa = PBXSourcesBuildPhase;
			buildActionMask = 2147483647;
			files = (
				6D6B3B881DD856AC00532863 /* assignment3Tests.swift in Sources */,
			);
			runOnlyForDeploymentPostprocessing = 0;
		};
		6D6B3B8A1DD856AC00532863 /* Sources */ = {
			isa = PBXSourcesBuildPhase;
			buildActionMask = 2147483647;
			files = (
				6D6B3B931DD856AC00532863 /* assignment3UITests.swift in Sources */,
			);
			runOnlyForDeploymentPostprocessing = 0;
		};
/* End PBXSourcesBuildPhase section */

/* Begin PBXTargetDependency section */
		6D6B3B851DD856AC00532863 /* PBXTargetDependency */ = {
			isa = PBXTargetDependency;
			target = 6D6B3B6E1DD856AB00532863 /* assignment3 */;
			targetProxy = 6D6B3B841DD856AC00532863 /* PBXContainerItemProxy */;
		};
		6D6B3B901DD856AC00532863 /* PBXTargetDependency */ = {
			isa = PBXTargetDependency;
			target = 6D6B3B6E1DD856AB00532863 /* assignment3 */;
			targetProxy = 6D6B3B8F1DD856AC00532863 /* PBXContainerItemProxy */;
		};
/* End PBXTargetDependency section */

/* Begin PBXVariantGroup section */
		6D6B3B761DD856AB00532863 /* Main.storyboard */ = {
			isa = PBXVariantGroup;
			children = (
				6D6B3B771DD856AB00532863 /* Base */,
			);
			name = Main.storyboard;
			sourceTree = "<group>";
		};
		6D6B3B7B1DD856AB00532863 /* LaunchScreen.storyboard */ = {
			isa = PBXVariantGroup;
			children = (
				6D6B3B7C1DD856AB00532863 /* Base */,
			);
			name = LaunchScreen.storyboard;
			sourceTree = "<group>";
		};
/* End PBXVariantGroup section */

/* Begin XCBuildConfiguration section */
		6D6B3B951DD856AC00532863 /* Debug */ = {
			isa = XCBuildConfiguration;
			buildSettings = {
				ALWAYS_SEARCH_USER_PATHS = NO;
				CLANG_CXX_LANGUAGE_STANDARD = "gnu++0x";
				CLANG_CXX_LIBRARY = "libc++";
				CLANG_ENABLE_MODULES = YES;
				CLANG_ENABLE_OBJC_ARC = YES;
				CLANG_WARN_BOOL_CONVERSION = YES;
				CLANG_WARN_CONSTANT_CONVERSION = YES;
				CLANG_WARN_DIRECT_OBJC_ISA_USAGE = YES_ERROR;
				CLANG_WARN_EMPTY_BODY = YES;
				CLANG_WARN_ENUM_CONVERSION = YES;
				CLANG_WARN_INT_CONVERSION = YES;
				CLANG_WARN_OBJC_ROOT_CLASS = YES_ERROR;
				CLANG_WARN_UNREACHABLE_CODE = YES;
				CLANG_WARN__DUPLICATE_METHOD_MATCH = YES;
				"CODE_SIGN_IDENTITY[sdk=iphoneos*]" = "iPhone Developer";
				COPY_PHASE_STRIP = NO;
				DEBUG_INFORMATION_FORMAT = dwarf;
				ENABLE_STRICT_OBJC_MSGSEND = YES;
				ENABLE_TESTABILITY = YES;
				GCC_C_LANGUAGE_STANDARD = gnu99;
				GCC_DYNAMIC_NO_PIC = NO;
				GCC_NO_COMMON_BLOCKS = YES;
				GCC_OPTIMIZATION_LEVEL = 0;
				GCC_PREPROCESSOR_DEFINITIONS = (
					"DEBUG=1",
					"$(inherited)",
				);
				GCC_WARN_64_TO_32_BIT_CONVERSION = YES;
				GCC_WARN_ABOUT_RETURN_TYPE = YES_ERROR;
				GCC_WARN_UNDECLARED_SELECTOR = YES;
				GCC_WARN_UNINITIALIZED_AUTOS = YES_AGGRESSIVE;
				GCC_WARN_UNUSED_FUNCTION = YES;
				GCC_WARN_UNUSED_VARIABLE = YES;
				IPHONEOS_DEPLOYMENT_TARGET = 9.2;
				MTL_ENABLE_DEBUG_INFO = YES;
				ONLY_ACTIVE_ARCH = YES;
				SDKROOT = iphoneos;
				SWIFT_OPTIMIZATION_LEVEL = "-Onone";
			};
			name = Debug;
		};
		6D6B3B961DD856AC00532863 /* Release */ = {
			isa = XCBuildConfiguration;
			buildSettings = {
				ALWAYS_SEARCH_USER_PATHS = NO;
				CLANG_CXX_LANGUAGE_STANDARD = "gnu++0x";
				CLANG_CXX_LIBRARY = "libc++";
				CLANG_ENABLE_MODULES = YES;
				CLANG_ENABLE_OBJC_ARC = YES;
				CLANG_WARN_BOOL_CONVERSION = YES;
				CLANG_WARN_CONSTANT_CONVERSION = YES;
				CLANG_WARN_DIRECT_OBJC_ISA_USAGE = YES_ERROR;
				CLANG_WARN_EMPTY_BODY = YES;
				CLANG_WARN_ENUM_CONVERSION = YES;
				CLANG_WARN_INT_CONVERSION = YES;
				CLANG_WARN_OBJC_ROOT_CLASS = YES_ERROR;
				CLANG_WARN_UNREACHABLE_CODE = YES;
				CLANG_WARN__DUPLICATE_METHOD_MATCH = YES;
				"CODE_SIGN_IDENTITY[sdk=iphoneos*]" = "iPhone Developer";
				COPY_PHASE_STRIP = NO;
				DEBUG_INFORMATION_FORMAT = "dwarf-with-dsym";
				ENABLE_NS_ASSERTIONS = NO;
				ENABLE_STRICT_OBJC_MSGSEND = YES;
				GCC_C_LANGUAGE_STANDARD = gnu99;
				GCC_NO_COMMON_BLOCKS = YES;
				GCC_WARN_64_TO_32_BIT_CONVERSION = YES;
				GCC_WARN_ABOUT_RETURN_TYPE = YES_ERROR;
				GCC_WARN_UNDECLARED_SELECTOR = YES;
				GCC_WARN_UNINITIALIZED_AUTOS = YES_AGGRESSIVE;
				GCC_WARN_UNUSED_FUNCTION = YES;
				GCC_WARN_UNUSED_VARIABLE = YES;
				IPHONEOS_DEPLOYMENT_TARGET = 9.2;
				MTL_ENABLE_DEBUG_INFO = NO;
				SDKROOT = iphoneos;
				VALIDATE_PRODUCT = YES;
			};
			name = Release;
		};
		6D6B3B981DD856AC00532863 /* Debug */ = {
			isa = XCBuildConfiguration;
			buildSettings = {
				ASSETCATALOG_COMPILER_APPICON_NAME = AppIcon;
				DEVELOPMENT_TEAM = 6Z65K99J89;
				INFOPLIST_FILE = assignment3/Info.plist;
				LD_RUNPATH_SEARCH_PATHS = "$(inherited) @executable_path/Frameworks";
				PRODUCT_BUNDLE_IDENTIFIER = com.cmpe297.assignment3;
				PRODUCT_NAME = "$(TARGET_NAME)";
				SWIFT_VERSION = 3.0;
			};
			name = Debug;
		};
		6D6B3B991DD856AC00532863 /* Release */ = {
			isa = XCBuildConfiguration;
			buildSettings = {
				ASSETCATALOG_COMPILER_APPICON_NAME = AppIcon;
				DEVELOPMENT_TEAM = 6Z65K99J89;
				INFOPLIST_FILE = assignment3/Info.plist;
				LD_RUNPATH_SEARCH_PATHS = "$(inherited) @executable_path/Frameworks";
				PRODUCT_BUNDLE_IDENTIFIER = com.cmpe297.assignment3;
				PRODUCT_NAME = "$(TARGET_NAME)";
				SWIFT_VERSION = 3.0;
			};
			name = Release;
		};
		6D6B3B9B1DD856AC00532863 /* Debug */ = {
			isa = XCBuildConfiguration;
			buildSettings = {
				BUNDLE_LOADER = "$(TEST_HOST)";
				INFOPLIST_FILE = assignment3Tests/Info.plist;
				LD_RUNPATH_SEARCH_PATHS = "$(inherited) @executable_path/Frameworks @loader_path/Frameworks";
				PRODUCT_BUNDLE_IDENTIFIER = com.cmpe297.assignment3Tests;
				PRODUCT_NAME = "$(TARGET_NAME)";
				SWIFT_VERSION = 3.0;
				TEST_HOST = "$(BUILT_PRODUCTS_DIR)/assignment3.app/assignment3";
			};
			name = Debug;
		};
		6D6B3B9C1DD856AC00532863 /* Release */ = {
			isa = XCBuildConfiguration;
			buildSettings = {
				BUNDLE_LOADER = "$(TEST_HOST)";
				INFOPLIST_FILE = assignment3Tests/Info.plist;
				LD_RUNPATH_SEARCH_PATHS = "$(inherited) @executable_path/Frameworks @loader_path/Frameworks";
				PRODUCT_BUNDLE_IDENTIFIER = com.cmpe297.assignment3Tests;
				PRODUCT_NAME = "$(TARGET_NAME)";
				SWIFT_VERSION = 3.0;
				TEST_HOST = "$(BUILT_PRODUCTS_DIR)/assignment3.app/assignment3";
			};
			name = Release;
		};
		6D6B3B9E1DD856AC00532863 /* Debug */ = {
			isa = XCBuildConfiguration;
			buildSettings = {
				INFOPLIST_FILE = assignment3UITests/Info.plist;
				LD_RUNPATH_SEARCH_PATHS = "$(inherited) @executable_path/Frameworks @loader_path/Frameworks";
				PRODUCT_BUNDLE_IDENTIFIER = com.cmpe297.assignment3UITests;
				PRODUCT_NAME = "$(TARGET_NAME)";
				SWIFT_VERSION = 3.0;
				TEST_TARGET_NAME = assignment3;
				USES_XCTRUNNER = YES;
			};
			name = Debug;
		};
		6D6B3B9F1DD856AC00532863 /* Release */ = {
			isa = XCBuildConfiguration;
			buildSettings = {
				INFOPLIST_FILE = assignment3UITests/Info.plist;
				LD_RUNPATH_SEARCH_PATHS = "$(inherited) @executable_path/Frameworks @loader_path/Frameworks";
				PRODUCT_BUNDLE_IDENTIFIER = com.cmpe297.assignment3UITests;
				PRODUCT_NAME = "$(TARGET_NAME)";
				SWIFT_VERSION = 3.0;
				TEST_TARGET_NAME = assignment3;
				USES_XCTRUNNER = YES;
			};
			name = Release;
		};
/* End XCBuildConfiguration section */

/* Begin XCConfigurationList section */
		6D6B3B6A1DD856AB00532863 /* Build configuration list for PBXProject "assignment3" */ = {
			isa = XCConfigurationList;
			buildConfigurations = (
				6D6B3B951DD856AC00532863 /* Debug */,
				6D6B3B961DD856AC00532863 /* Release */,
			);
			defaultConfigurationIsVisible = 0;
			defaultConfigurationName = Release;
		};
		6D6B3B971DD856AC00532863 /* Build configuration list for PBXNativeTarget "assignment3" */ = {
			isa = XCConfigurationList;
			buildConfigurations = (
				6D6B3B981DD856AC00532863 /* Debug */,
				6D6B3B991DD856AC00532863 /* Release */,
			);
			defaultConfigurationIsVisible = 0;
			defaultConfigurationName = Release;
		};
		6D6B3B9A1DD856AC00532863 /* Build configuration list for PBXNativeTarget "assignment3Tests" */ = {
			isa = XCConfigurationList;
			buildConfigurations = (
				6D6B3B9B1DD856AC00532863 /* Debug */,
				6D6B3B9C1DD856AC00532863 /* Release */,
			);
			defaultConfigurationIsVisible = 0;
			defaultConfigurationName = Release;
		};
		6D6B3B9D1DD856AC00532863 /* Build configuration list for PBXNativeTarget "assignment3UITests" */ = {
			isa = XCConfigurationList;
			buildConfigurations = (
				6D6B3B9E1DD856AC00532863 /* Debug */,
				6D6B3B9F1DD856AC00532863 /* Release */,
			);
			defaultConfigurationIsVisible = 0;
			defaultConfigurationName = Release;
		};
/* End XCConfigurationList section */
	};
	rootObject = 6D6B3B671DD856AB00532863 /* Project object */;
}
