// !$*UTF8*$!
{
	archiveVersion = 1;
	classes = {
	};
	objectVersion = 46;
	objects = {

/* Begin PBXBuildFile section */
		6D5294001DC906B800B15B63 /* AppDelegate.swift in Sources */ = {isa = PBXBuildFile; fileRef = 6D5293FF1DC906B800B15B63 /* AppDelegate.swift */; };
		6D5294021DC906B800B15B63 /* ViewController.swift in Sources */ = {isa = PBXBuildFile; fileRef = 6D5294011DC906B800B15B63 /* ViewController.swift */; };
		6D5294051DC906B800B15B63 /* Main.storyboard in Resources */ = {isa = PBXBuildFile; fileRef = 6D5294031DC906B800B15B63 /* Main.storyboard */; };
		6D5294071DC906B800B15B63 /* Assets.xcassets in Resources */ = {isa = PBXBuildFile; fileRef = 6D5294061DC906B800B15B63 /* Assets.xcassets */; };
		6D52940A1DC906B800B15B63 /* LaunchScreen.storyboard in Resources */ = {isa = PBXBuildFile; fileRef = 6D5294081DC906B800B15B63 /* LaunchScreen.storyboard */; };
		6D5294151DC906B800B15B63 /* HelloWorldTests.swift in Sources */ = {isa = PBXBuildFile; fileRef = 6D5294141DC906B800B15B63 /* HelloWorldTests.swift */; };
		6D5294201DC906B800B15B63 /* HelloWorldUITests.swift in Sources */ = {isa = PBXBuildFile; fileRef = 6D52941F1DC906B800B15B63 /* HelloWorldUITests.swift */; };
/* End PBXBuildFile section */

/* Begin PBXContainerItemProxy section */
		6D5294111DC906B800B15B63 /* PBXContainerItemProxy */ = {
			isa = PBXContainerItemProxy;
			containerPortal = 6D5293F41DC906B800B15B63 /* Project object */;
			proxyType = 1;
			remoteGlobalIDString = 6D5293FB1DC906B800B15B63;
			remoteInfo = HelloWorld;
		};
		6D52941C1DC906B800B15B63 /* PBXContainerItemProxy */ = {
			isa = PBXContainerItemProxy;
			containerPortal = 6D5293F41DC906B800B15B63 /* Project object */;
			proxyType = 1;
			remoteGlobalIDString = 6D5293FB1DC906B800B15B63;
			remoteInfo = HelloWorld;
		};
/* End PBXContainerItemProxy section */

/* Begin PBXFileReference section */
		6D5293FC1DC906B800B15B63 /* HelloWorld.app */ = {isa = PBXFileReference; explicitFileType = wrapper.application; includeInIndex = 0; path = HelloWorld.app; sourceTree = BUILT_PRODUCTS_DIR; };
		6D5293FF1DC906B800B15B63 /* AppDelegate.swift */ = {isa = PBXFileReference; lastKnownFileType = sourcecode.swift; path = AppDelegate.swift; sourceTree = "<group>"; };
		6D5294011DC906B800B15B63 /* ViewController.swift */ = {isa = PBXFileReference; lastKnownFileType = sourcecode.swift; path = ViewController.swift; sourceTree = "<group>"; };
		6D5294041DC906B800B15B63 /* Base */ = {isa = PBXFileReference; lastKnownFileType = file.storyboard; name = Base; path = Base.lproj/Main.storyboard; sourceTree = "<group>"; };
		6D5294061DC906B800B15B63 /* Assets.xcassets */ = {isa = PBXFileReference; lastKnownFileType = folder.assetcatalog; path = Assets.xcassets; sourceTree = "<group>"; };
		6D5294091DC906B800B15B63 /* Base */ = {isa = PBXFileReference; lastKnownFileType = file.storyboard; name = Base; path = Base.lproj/LaunchScreen.storyboard; sourceTree = "<group>"; };
		6D52940B1DC906B800B15B63 /* Info.plist */ = {isa = PBXFileReference; lastKnownFileType = text.plist.xml; path = Info.plist; sourceTree = "<group>"; };
		6D5294101DC906B800B15B63 /* HelloWorldTests.xctest */ = {isa = PBXFileReference; explicitFileType = wrapper.cfbundle; includeInIndex = 0; path = HelloWorldTests.xctest; sourceTree = BUILT_PRODUCTS_DIR; };
		6D5294141DC906B800B15B63 /* HelloWorldTests.swift */ = {isa = PBXFileReference; lastKnownFileType = sourcecode.swift; path = HelloWorldTests.swift; sourceTree = "<group>"; };
		6D5294161DC906B800B15B63 /* Info.plist */ = {isa = PBXFileReference; lastKnownFileType = text.plist.xml; path = Info.plist; sourceTree = "<group>"; };
		6D52941B1DC906B800B15B63 /* HelloWorldUITests.xctest */ = {isa = PBXFileReference; explicitFileType = wrapper.cfbundle; includeInIndex = 0; path = HelloWorldUITests.xctest; sourceTree = BUILT_PRODUCTS_DIR; };
		6D52941F1DC906B800B15B63 /* HelloWorldUITests.swift */ = {isa = PBXFileReference; lastKnownFileType = sourcecode.swift; path = HelloWorldUITests.swift; sourceTree = "<group>"; };
		6D5294211DC906B800B15B63 /* Info.plist */ = {isa = PBXFileReference; lastKnownFileType = text.plist.xml; path = Info.plist; sourceTree = "<group>"; };
/* End PBXFileReference section */

/* Begin PBXFrameworksBuildPhase section */
		6D5293F91DC906B800B15B63 /* Frameworks */ = {
			isa = PBXFrameworksBuildPhase;
			buildActionMask = 2147483647;
			files = (
			);
			runOnlyForDeploymentPostprocessing = 0;
		};
		6D52940D1DC906B800B15B63 /* Frameworks */ = {
			isa = PBXFrameworksBuildPhase;
			buildActionMask = 2147483647;
			files = (
			);
			runOnlyForDeploymentPostprocessing = 0;
		};
		6D5294181DC906B800B15B63 /* Frameworks */ = {
			isa = PBXFrameworksBuildPhase;
			buildActionMask = 2147483647;
			files = (
			);
			runOnlyForDeploymentPostprocessing = 0;
		};
/* End PBXFrameworksBuildPhase section */

/* Begin PBXGroup section */
		6D5293F31DC906B800B15B63 = {
			isa = PBXGroup;
			children = (
				6D5293FE1DC906B800B15B63 /* HelloWorld */,
				6D5294131DC906B800B15B63 /* HelloWorldTests */,
				6D52941E1DC906B800B15B63 /* HelloWorldUITests */,
				6D5293FD1DC906B800B15B63 /* Products */,
			);
			sourceTree = "<group>";
		};
		6D5293FD1DC906B800B15B63 /* Products */ = {
			isa = PBXGroup;
			children = (
				6D5293FC1DC906B800B15B63 /* HelloWorld.app */,
				6D5294101DC906B800B15B63 /* HelloWorldTests.xctest */,
				6D52941B1DC906B800B15B63 /* HelloWorldUITests.xctest */,
			);
			name = Products;
			sourceTree = "<group>";
		};
		6D5293FE1DC906B800B15B63 /* HelloWorld */ = {
			isa = PBXGroup;
			children = (
				6D5293FF1DC906B800B15B63 /* AppDelegate.swift */,
				6D5294011DC906B800B15B63 /* ViewController.swift */,
				6D5294031DC906B800B15B63 /* Main.storyboard */,
				6D5294061DC906B800B15B63 /* Assets.xcassets */,
				6D5294081DC906B800B15B63 /* LaunchScreen.storyboard */,
				6D52940B1DC906B800B15B63 /* Info.plist */,
			);
			path = HelloWorld;
			sourceTree = "<group>";
		};
		6D5294131DC906B800B15B63 /* HelloWorldTests */ = {
			isa = PBXGroup;
			children = (
				6D5294141DC906B800B15B63 /* HelloWorldTests.swift */,
				6D5294161DC906B800B15B63 /* Info.plist */,
			);
			path = HelloWorldTests;
			sourceTree = "<group>";
		};
		6D52941E1DC906B800B15B63 /* HelloWorldUITests */ = {
			isa = PBXGroup;
			children = (
				6D52941F1DC906B800B15B63 /* HelloWorldUITests.swift */,
				6D5294211DC906B800B15B63 /* Info.plist */,
			);
			path = HelloWorldUITests;
			sourceTree = "<group>";
		};
/* End PBXGroup section */

/* Begin PBXNativeTarget section */
		6D5293FB1DC906B800B15B63 /* HelloWorld */ = {
			isa = PBXNativeTarget;
			buildConfigurationList = 6D5294241DC906B800B15B63 /* Build configuration list for PBXNativeTarget "HelloWorld" */;
			buildPhases = (
				6D5293F81DC906B800B15B63 /* Sources */,
				6D5293F91DC906B800B15B63 /* Frameworks */,
				6D5293FA1DC906B800B15B63 /* Resources */,
			);
			buildRules = (
			);
			dependencies = (
			);
			name = HelloWorld;
			productName = HelloWorld;
			productReference = 6D5293FC1DC906B800B15B63 /* HelloWorld.app */;
			productType = "com.apple.product-type.application";
		};
		6D52940F1DC906B800B15B63 /* HelloWorldTests */ = {
			isa = PBXNativeTarget;
			buildConfigurationList = 6D5294271DC906B800B15B63 /* Build configuration list for PBXNativeTarget "HelloWorldTests" */;
			buildPhases = (
				6D52940C1DC906B800B15B63 /* Sources */,
				6D52940D1DC906B800B15B63 /* Frameworks */,
				6D52940E1DC906B800B15B63 /* Resources */,
			);
			buildRules = (
			);
			dependencies = (
				6D5294121DC906B800B15B63 /* PBXTargetDependency */,
			);
			name = HelloWorldTests;
			productName = HelloWorldTests;
			productReference = 6D5294101DC906B800B15B63 /* HelloWorldTests.xctest */;
			productType = "com.apple.product-type.bundle.unit-test";
		};
		6D52941A1DC906B800B15B63 /* HelloWorldUITests */ = {
			isa = PBXNativeTarget;
			buildConfigurationList = 6D52942A1DC906B800B15B63 /* Build configuration list for PBXNativeTarget "HelloWorldUITests" */;
			buildPhases = (
				6D5294171DC906B800B15B63 /* Sources */,
				6D5294181DC906B800B15B63 /* Frameworks */,
				6D5294191DC906B800B15B63 /* Resources */,
			);
			buildRules = (
			);
			dependencies = (
				6D52941D1DC906B800B15B63 /* PBXTargetDependency */,
			);
			name = HelloWorldUITests;
			productName = HelloWorldUITests;
			productReference = 6D52941B1DC906B800B15B63 /* HelloWorldUITests.xctest */;
			productType = "com.apple.product-type.bundle.ui-testing";
		};
/* End PBXNativeTarget section */

/* Begin PBXProject section */
		6D5293F41DC906B800B15B63 /* Project object */ = {
			isa = PBXProject;
			attributes = {
				LastSwiftUpdateCheck = 0720;
				LastUpgradeCheck = 0720;
				ORGANIZATIONNAME = cmpe297;
				TargetAttributes = {
					6D5293FB1DC906B800B15B63 = {
						CreatedOnToolsVersion = 7.2.1;
						DevelopmentTeam = 8PUZK37M75;
					};
					6D52940F1DC906B800B15B63 = {
						CreatedOnToolsVersion = 7.2.1;
						DevelopmentTeam = 8PUZK37M75;
						TestTargetID = 6D5293FB1DC906B800B15B63;
					};
					6D52941A1DC906B800B15B63 = {
						CreatedOnToolsVersion = 7.2.1;
						DevelopmentTeam = 8PUZK37M75;
						TestTargetID = 6D5293FB1DC906B800B15B63;
					};
				};
			};
			buildConfigurationList = 6D5293F71DC906B800B15B63 /* Build configuration list for PBXProject "HelloWorld" */;
			compatibilityVersion = "Xcode 3.2";
			developmentRegion = English;
			hasScannedForEncodings = 0;
			knownRegions = (
				en,
				Base,
			);
			mainGroup = 6D5293F31DC906B800B15B63;
			productRefGroup = 6D5293FD1DC906B800B15B63 /* Products */;
			projectDirPath = "";
			projectRoot = "";
			targets = (
				6D5293FB1DC906B800B15B63 /* HelloWorld */,
				6D52940F1DC906B800B15B63 /* HelloWorldTests */,
				6D52941A1DC906B800B15B63 /* HelloWorldUITests */,
			);
		};
/* End PBXProject section */

/* Begin PBXResourcesBuildPhase section */
		6D5293FA1DC906B800B15B63 /* Resources */ = {
			isa = PBXResourcesBuildPhase;
			buildActionMask = 2147483647;
			files = (
				6D52940A1DC906B800B15B63 /* LaunchScreen.storyboard in Resources */,
				6D5294071DC906B800B15B63 /* Assets.xcassets in Resources */,
				6D5294051DC906B800B15B63 /* Main.storyboard in Resources */,
			);
			runOnlyForDeploymentPostprocessing = 0;
		};
		6D52940E1DC906B800B15B63 /* Resources */ = {
			isa = PBXResourcesBuildPhase;
			buildActionMask = 2147483647;
			files = (
			);
			runOnlyForDeploymentPostprocessing = 0;
		};
		6D5294191DC906B800B15B63 /* Resources */ = {
			isa = PBXResourcesBuildPhase;
			buildActionMask = 2147483647;
			files = (
			);
			runOnlyForDeploymentPostprocessing = 0;
		};
/* End PBXResourcesBuildPhase section */

/* Begin PBXSourcesBuildPhase section */
		6D5293F81DC906B800B15B63 /* Sources */ = {
			isa = PBXSourcesBuildPhase;
			buildActionMask = 2147483647;
			files = (
				6D5294021DC906B800B15B63 /* ViewController.swift in Sources */,
				6D5294001DC906B800B15B63 /* AppDelegate.swift in Sources */,
			);
			runOnlyForDeploymentPostprocessing = 0;
		};
		6D52940C1DC906B800B15B63 /* Sources */ = {
			isa = PBXSourcesBuildPhase;
			buildActionMask = 2147483647;
			files = (
				6D5294151DC906B800B15B63 /* HelloWorldTests.swift in Sources */,
			);
			runOnlyForDeploymentPostprocessing = 0;
		};
		6D5294171DC906B800B15B63 /* Sources */ = {
			isa = PBXSourcesBuildPhase;
			buildActionMask = 2147483647;
			files = (
				6D5294201DC906B800B15B63 /* HelloWorldUITests.swift in Sources */,
			);
			runOnlyForDeploymentPostprocessing = 0;
		};
/* End PBXSourcesBuildPhase section */

/* Begin PBXTargetDependency section */
		6D5294121DC906B800B15B63 /* PBXTargetDependency */ = {
			isa = PBXTargetDependency;
			target = 6D5293FB1DC906B800B15B63 /* HelloWorld */;
			targetProxy = 6D5294111DC906B800B15B63 /* PBXContainerItemProxy */;
		};
		6D52941D1DC906B800B15B63 /* PBXTargetDependency */ = {
			isa = PBXTargetDependency;
			target = 6D5293FB1DC906B800B15B63 /* HelloWorld */;
			targetProxy = 6D52941C1DC906B800B15B63 /* PBXContainerItemProxy */;
		};
/* End PBXTargetDependency section */

/* Begin PBXVariantGroup section */
		6D5294031DC906B800B15B63 /* Main.storyboard */ = {
			isa = PBXVariantGroup;
			children = (
				6D5294041DC906B800B15B63 /* Base */,
			);
			name = Main.storyboard;
			sourceTree = "<group>";
		};
		6D5294081DC906B800B15B63 /* LaunchScreen.storyboard */ = {
			isa = PBXVariantGroup;
			children = (
				6D5294091DC906B800B15B63 /* Base */,
			);
			name = LaunchScreen.storyboard;
			sourceTree = "<group>";
		};
/* End PBXVariantGroup section */

/* Begin XCBuildConfiguration section */
		6D5294221DC906B800B15B63 /* Debug */ = {
			isa = XCBuildConfiguration;
			buildSettings = {
				ALWAYS_SEARCH_USER_PATHS = NO;
				CLANG_CXX_LANGUAGE_STANDARD = "gnu++0x";
				CLANG_CXX_LIBRARY = "libc++";
				CLANG_ENABLE_MODULES = YES;
				CLANG_ENABLE_OBJC_ARC = YES;
				CLANG_WARN_BOOL_CONVERSION = YES;
				CLANG_WARN_CONSTANT_CONVERSION = YES;
				CLANG_WARN_DIRECT_OBJC_ISA_USAGE = YES_ERROR;
				CLANG_WARN_EMPTY_BODY = YES;
				CLANG_WARN_ENUM_CONVERSION = YES;
				CLANG_WARN_INT_CONVERSION = YES;
				CLANG_WARN_OBJC_ROOT_CLASS = YES_ERROR;
				CLANG_WARN_UNREACHABLE_CODE = YES;
				CLANG_WARN__DUPLICATE_METHOD_MATCH = YES;
				"CODE_SIGN_IDENTITY[sdk=iphoneos*]" = "iPhone Developer";
				COPY_PHASE_STRIP = NO;
				DEBUG_INFORMATION_FORMAT = dwarf;
				ENABLE_STRICT_OBJC_MSGSEND = YES;
				ENABLE_TESTABILITY = YES;
				GCC_C_LANGUAGE_STANDARD = gnu99;
				GCC_DYNAMIC_NO_PIC = NO;
				GCC_NO_COMMON_BLOCKS = YES;
				GCC_OPTIMIZATION_LEVEL = 0;
				GCC_PREPROCESSOR_DEFINITIONS = (
					"DEBUG=1",
					"$(inherited)",
				);
				GCC_WARN_64_TO_32_BIT_CONVERSION = YES;
				GCC_WARN_ABOUT_RETURN_TYPE = YES_ERROR;
				GCC_WARN_UNDECLARED_SELECTOR = YES;
				GCC_WARN_UNINITIALIZED_AUTOS = YES_AGGRESSIVE;
				GCC_WARN_UNUSED_FUNCTION = YES;
				GCC_WARN_UNUSED_VARIABLE = YES;
				IPHONEOS_DEPLOYMENT_TARGET = 9.2;
				MTL_ENABLE_DEBUG_INFO = YES;
				ONLY_ACTIVE_ARCH = YES;
				SDKROOT = iphoneos;
				SWIFT_OPTIMIZATION_LEVEL = "-Onone";
			};
			name = Debug;
		};
		6D5294231DC906B800B15B63 /* Release */ = {
			isa = XCBuildConfiguration;
			buildSettings = {
				ALWAYS_SEARCH_USER_PATHS = NO;
				CLANG_CXX_LANGUAGE_STANDARD = "gnu++0x";
				CLANG_CXX_LIBRARY = "libc++";
				CLANG_ENABLE_MODULES = YES;
				CLANG_ENABLE_OBJC_ARC = YES;
				CLANG_WARN_BOOL_CONVERSION = YES;
				CLANG_WARN_CONSTANT_CONVERSION = YES;
				CLANG_WARN_DIRECT_OBJC_ISA_USAGE = YES_ERROR;
				CLANG_WARN_EMPTY_BODY = YES;
				CLANG_WARN_ENUM_CONVERSION = YES;
				CLANG_WARN_INT_CONVERSION = YES;
				CLANG_WARN_OBJC_ROOT_CLASS = YES_ERROR;
				CLANG_WARN_UNREACHABLE_CODE = YES;
				CLANG_WARN__DUPLICATE_METHOD_MATCH = YES;
				"CODE_SIGN_IDENTITY[sdk=iphoneos*]" = "iPhone Developer";
				COPY_PHASE_STRIP = NO;
				DEBUG_INFORMATION_FORMAT = "dwarf-with-dsym";
				ENABLE_NS_ASSERTIONS = NO;
				ENABLE_STRICT_OBJC_MSGSEND = YES;
				GCC_C_LANGUAGE_STANDARD = gnu99;
				GCC_NO_COMMON_BLOCKS = YES;
				GCC_WARN_64_TO_32_BIT_CONVERSION = YES;
				GCC_WARN_ABOUT_RETURN_TYPE = YES_ERROR;
				GCC_WARN_UNDECLARED_SELECTOR = YES;
				GCC_WARN_UNINITIALIZED_AUTOS = YES_AGGRESSIVE;
				GCC_WARN_UNUSED_FUNCTION = YES;
				GCC_WARN_UNUSED_VARIABLE = YES;
				IPHONEOS_DEPLOYMENT_TARGET = 9.2;
				MTL_ENABLE_DEBUG_INFO = NO;
				SDKROOT = iphoneos;
				VALIDATE_PRODUCT = YES;
			};
			name = Release;
		};
		6D5294251DC906B800B15B63 /* Debug */ = {
			isa = XCBuildConfiguration;
			buildSettings = {
				ASSETCATALOG_COMPILER_APPICON_NAME = AppIcon;
				INFOPLIST_FILE = HelloWorld/Info.plist;
				LD_RUNPATH_SEARCH_PATHS = "$(inherited) @executable_path/Frameworks";
				PRODUCT_BUNDLE_IDENTIFIER = com.cmpe297.HelloWorld;
				PRODUCT_NAME = "$(TARGET_NAME)";
			};
			name = Debug;
		};
		6D5294261DC906B800B15B63 /* Release */ = {
			isa = XCBuildConfiguration;
			buildSettings = {
				ASSETCATALOG_COMPILER_APPICON_NAME = AppIcon;
				INFOPLIST_FILE = HelloWorld/Info.plist;
				LD_RUNPATH_SEARCH_PATHS = "$(inherited) @executable_path/Frameworks";
				PRODUCT_BUNDLE_IDENTIFIER = com.cmpe297.HelloWorld;
				PRODUCT_NAME = "$(TARGET_NAME)";
			};
			name = Release;
		};
		6D5294281DC906B800B15B63 /* Debug */ = {
			isa = XCBuildConfiguration;
			buildSettings = {
				BUNDLE_LOADER = "$(TEST_HOST)";
				INFOPLIST_FILE = HelloWorldTests/Info.plist;
				LD_RUNPATH_SEARCH_PATHS = "$(inherited) @executable_path/Frameworks @loader_path/Frameworks";
				PRODUCT_BUNDLE_IDENTIFIER = com.cmpe297.HelloWorldTests;
				PRODUCT_NAME = "$(TARGET_NAME)";
				TEST_HOST = "$(BUILT_PRODUCTS_DIR)/HelloWorld.app/HelloWorld";
			};
			name = Debug;
		};
		6D5294291DC906B800B15B63 /* Release */ = {
			isa = XCBuildConfiguration;
			buildSettings = {
				BUNDLE_LOADER = "$(TEST_HOST)";
				INFOPLIST_FILE = HelloWorldTests/Info.plist;
				LD_RUNPATH_SEARCH_PATHS = "$(inherited) @executable_path/Frameworks @loader_path/Frameworks";
				PRODUCT_BUNDLE_IDENTIFIER = com.cmpe297.HelloWorldTests;
				PRODUCT_NAME = "$(TARGET_NAME)";
				TEST_HOST = "$(BUILT_PRODUCTS_DIR)/HelloWorld.app/HelloWorld";
			};
			name = Release;
		};
		6D52942B1DC906B800B15B63 /* Debug */ = {
			isa = XCBuildConfiguration;
			buildSettings = {
				INFOPLIST_FILE = HelloWorldUITests/Info.plist;
				LD_RUNPATH_SEARCH_PATHS = "$(inherited) @executable_path/Frameworks @loader_path/Frameworks";
				PRODUCT_BUNDLE_IDENTIFIER = com.cmpe297.HelloWorldUITests;
				PRODUCT_NAME = "$(TARGET_NAME)";
				TEST_TARGET_NAME = HelloWorld;
				USES_XCTRUNNER = YES;
			};
			name = Debug;
		};
		6D52942C1DC906B800B15B63 /* Release */ = {
			isa = XCBuildConfiguration;
			buildSettings = {
				INFOPLIST_FILE = HelloWorldUITests/Info.plist;
				LD_RUNPATH_SEARCH_PATHS = "$(inherited) @executable_path/Frameworks @loader_path/Frameworks";
				PRODUCT_BUNDLE_IDENTIFIER = com.cmpe297.HelloWorldUITests;
				PRODUCT_NAME = "$(TARGET_NAME)";
				TEST_TARGET_NAME = HelloWorld;
				USES_XCTRUNNER = YES;
			};
			name = Release;
		};
/* End XCBuildConfiguration section */

/* Begin XCConfigurationList section */
		6D5293F71DC906B800B15B63 /* Build configuration list for PBXProject "HelloWorld" */ = {
			isa = XCConfigurationList;
			buildConfigurations = (
				6D5294221DC906B800B15B63 /* Debug */,
				6D5294231DC906B800B15B63 /* Release */,
			);
			defaultConfigurationIsVisible = 0;
			defaultConfigurationName = Release;
		};
		6D5294241DC906B800B15B63 /* Build configuration list for PBXNativeTarget "HelloWorld" */ = {
			isa = XCConfigurationList;
			buildConfigurations = (
				6D5294251DC906B800B15B63 /* Debug */,
				6D5294261DC906B800B15B63 /* Release */,
			);
			defaultConfigurationIsVisible = 0;
		};
		6D5294271DC906B800B15B63 /* Build configuration list for PBXNativeTarget "HelloWorldTests" */ = {
			isa = XCConfigurationList;
			buildConfigurations = (
				6D5294281DC906B800B15B63 /* Debug */,
				6D5294291DC906B800B15B63 /* Release */,
			);
			defaultConfigurationIsVisible = 0;
		};
		6D52942A1DC906B800B15B63 /* Build configuration list for PBXNativeTarget "HelloWorldUITests" */ = {
			isa = XCConfigurationList;
			buildConfigurations = (
				6D52942B1DC906B800B15B63 /* Debug */,
				6D52942C1DC906B800B15B63 /* Release */,
			);
			defaultConfigurationIsVisible = 0;
		};
/* End XCConfigurationList section */
	};
	rootObject = 6D5293F41DC906B800B15B63 /* Project object */;
}
